
Microsoft Visual Studio Solution File, Format Version 12.00
# Visual Studio Version 16
VisualStudioVersion = 16.0.29418.71
MinimumVisualStudioVersion = 10.0.40219.1
Project("{FAE04EC0-301F-11D3-BF4B-00C04F79EFBC}") = "UCSF-StarrLab-SenseSetter", "UCSF-StarrLab-SenseSetter\UCSF-StarrLab-SenseSetter.csproj", "{A80D4876-5005-490B-AB28-B788DF53F23F}"
EndProject
Global
	GlobalSection(SolutionConfigurationPlatforms) = preSolution
		Debug|Any CPU = Debug|Any CPU
		Release|Any CPU = Release|Any CPU
	EndGlobalSection
	GlobalSection(ProjectConfigurationPlatforms) = postSolution
		{A80D4876-5005-490B-AB28-B788DF53F23F}.Debug|Any CPU.ActiveCfg = Debug|Any CPU
		{A80D4876-5005-490B-AB28-B788DF53F23F}.Debug|Any CPU.Build.0 = Debug|Any CPU
		{A80D4876-5005-490B-AB28-B788DF53F23F}.Release|Any CPU.ActiveCfg = Release|Any CPU
		{A80D4876-5005-490B-AB28-B788DF53F23F}.Release|Any CPU.Build.0 = Release|Any CPU
	EndGlobalSection
	GlobalSection(SolutionProperties) = preSolution
		HideSolutionNode = FALSE
	EndGlobalSection
	GlobalSection(ExtensibilityGlobals) = postSolution
		SolutionGuid = {8D68BC35-CE9B-43EA-9D1A-E348729221FC}
	EndGlobalSection
EndGlobal
